// !$*UTF8*$!
{
	archiveVersion = 1;
	classes = {
	};
	objectVersion = 50;
	objects = {

/* Begin PBXBuildFile section */
		55355B1620AB391100C81D4A /* AppDelegate.m in Sources */ = {isa = PBXBuildFile; fileRef = 55355B1520AB391100C81D4A /* AppDelegate.m */; };
		55355B1920AB391100C81D4A /* ViewController.mm in Sources */ = {isa = PBXBuildFile; fileRef = 55355B1820AB391100C81D4A /* ViewController.mm */; };
		55355B1C20AB391100C81D4A /* Main.storyboard in Resources */ = {isa = PBXBuildFile; fileRef = 55355B1A20AB391100C81D4A /* Main.storyboard */; };
		55355B1E20AB391200C81D4A /* Assets.xcassets in Resources */ = {isa = PBXBuildFile; fileRef = 55355B1D20AB391200C81D4A /* Assets.xcassets */; };
		55355B2120AB391200C81D4A /* LaunchScreen.storyboard in Resources */ = {isa = PBXBuildFile; fileRef = 55355B1F20AB391200C81D4A /* LaunchScreen.storyboard */; };
		55355B2420AB391200C81D4A /* main.m in Sources */ = {isa = PBXBuildFile; fileRef = 55355B2320AB391200C81D4A /* main.m */; };
		55355B3320ABB42400C81D4A /* CPPClient.cpp in Sources */ = {isa = PBXBuildFile; fileRef = 55355B3220ABB42400C81D4A /* CPPClient.cpp */; };
		55C9207E20AF9BBC007E1B1F /* ObjCClient.m in Sources */ = {isa = PBXBuildFile; fileRef = 55C9207D20AF9BBC007E1B1F /* ObjCClient.m */; };
		55C9208120AF9BCC007E1B1F /* SwiftClient.swift in Sources */ = {isa = PBXBuildFile; fileRef = 55C9208020AF9BCC007E1B1F /* SwiftClient.swift */; };
		55C9208320AF9E38007E1B1F /* NinjaClient.cpp in Sources */ = {isa = PBXBuildFile; fileRef = 55C9208220AF9E38007E1B1F /* NinjaClient.cpp */; };
/* End PBXBuildFile section */

/* Begin PBXFileReference section */
		55355B1120AB391100C81D4A /* DudeWheresMyStrings.app */ = {isa = PBXFileReference; explicitFileType = wrapper.application; includeInIndex = 0; path = DudeWheresMyStrings.app; sourceTree = BUILT_PRODUCTS_DIR; };
		55355B1420AB391100C81D4A /* AppDelegate.h */ = {isa = PBXFileReference; lastKnownFileType = sourcecode.c.h; path = AppDelegate.h; sourceTree = "<group>"; };
		55355B1520AB391100C81D4A /* AppDelegate.m */ = {isa = PBXFileReference; lastKnownFileType = sourcecode.c.objc; path = AppDelegate.m; sourceTree = "<group>"; };
		55355B1720AB391100C81D4A /* ViewController.hh */ = {isa = PBXFileReference; lastKnownFileType = sourcecode.cpp.h; path = ViewController.hh; sourceTree = "<group>"; };
		55355B1820AB391100C81D4A /* ViewController.mm */ = {isa = PBXFileReference; lastKnownFileType = sourcecode.cpp.objcpp; path = ViewController.mm; sourceTree = "<group>"; };
		55355B1B20AB391100C81D4A /* Base */ = {isa = PBXFileReference; lastKnownFileType = file.storyboard; name = Base; path = Base.lproj/Main.storyboard; sourceTree = "<group>"; };
		55355B1D20AB391200C81D4A /* Assets.xcassets */ = {isa = PBXFileReference; lastKnownFileType = folder.assetcatalog; path = Assets.xcassets; sourceTree = "<group>"; };
		55355B2020AB391200C81D4A /* Base */ = {isa = PBXFileReference; lastKnownFileType = file.storyboard; name = Base; path = Base.lproj/LaunchScreen.storyboard; sourceTree = "<group>"; };
		55355B2220AB391200C81D4A /* Info.plist */ = {isa = PBXFileReference; lastKnownFileType = text.plist.xml; path = Info.plist; sourceTree = "<group>"; };
		55355B2320AB391200C81D4A /* main.m */ = {isa = PBXFileReference; lastKnownFileType = sourcecode.c.objc; path = main.m; sourceTree = "<group>"; };
		55355B3220ABB42400C81D4A /* CPPClient.cpp */ = {isa = PBXFileReference; lastKnownFileType = sourcecode.cpp.cpp; path = CPPClient.cpp; sourceTree = "<group>"; };
		55C9207C20AF9BBC007E1B1F /* ObjCClient.h */ = {isa = PBXFileReference; lastKnownFileType = sourcecode.c.h; path = ObjCClient.h; sourceTree = "<group>"; };
		55C9207D20AF9BBC007E1B1F /* ObjCClient.m */ = {isa = PBXFileReference; lastKnownFileType = sourcecode.c.objc; path = ObjCClient.m; sourceTree = "<group>"; };
		55C9207F20AF9BCB007E1B1F /* DudeWheresMyStrings-Bridging-Header.h */ = {isa = PBXFileReference; lastKnownFileType = sourcecode.c.h; path = "DudeWheresMyStrings-Bridging-Header.h"; sourceTree = "<group>"; };
		55C9208020AF9BCC007E1B1F /* SwiftClient.swift */ = {isa = PBXFileReference; lastKnownFileType = sourcecode.swift; path = SwiftClient.swift; sourceTree = "<group>"; };
		55C9208220AF9E38007E1B1F /* NinjaClient.cpp */ = {isa = PBXFileReference; lastKnownFileType = sourcecode.cpp.cpp; path = NinjaClient.cpp; sourceTree = "<group>"; };
/* End PBXFileReference section */

/* Begin PBXFrameworksBuildPhase section */
		55355B0E20AB391100C81D4A /* Frameworks */ = {
			isa = PBXFrameworksBuildPhase;
			buildActionMask = 2147483647;
			files = (
			);
			runOnlyForDeploymentPostprocessing = 0;
		};
/* End PBXFrameworksBuildPhase section */

/* Begin PBXGroup section */
		55355B0820AB391100C81D4A = {
			isa = PBXGroup;
			children = (
				55355B1320AB391100C81D4A /* DudeWheresMyStrings */,
				55355B1220AB391100C81D4A /* Products */,
			);
			sourceTree = "<group>";
		};
		55355B1220AB391100C81D4A /* Products */ = {
			isa = PBXGroup;
			children = (
				55355B1120AB391100C81D4A /* DudeWheresMyStrings.app */,
			);
			name = Products;
			sourceTree = "<group>";
		};
		55355B1320AB391100C81D4A /* DudeWheresMyStrings */ = {
			isa = PBXGroup;
			children = (
				55355B1420AB391100C81D4A /* AppDelegate.h */,
				55355B1520AB391100C81D4A /* AppDelegate.m */,
				55355B1720AB391100C81D4A /* ViewController.hh */,
				55355B1820AB391100C81D4A /* ViewController.mm */,
				55C9207C20AF9BBC007E1B1F /* ObjCClient.h */,
				55C9207D20AF9BBC007E1B1F /* ObjCClient.m */,
				55C9208020AF9BCC007E1B1F /* SwiftClient.swift */,
				55355B3220ABB42400C81D4A /* CPPClient.cpp */,
				55C9208220AF9E38007E1B1F /* NinjaClient.cpp */,
				55355B1A20AB391100C81D4A /* Main.storyboard */,
				55355B1D20AB391200C81D4A /* Assets.xcassets */,
				55355B1F20AB391200C81D4A /* LaunchScreen.storyboard */,
				55355B2220AB391200C81D4A /* Info.plist */,
				55355B2320AB391200C81D4A /* main.m */,
				55C9207F20AF9BCB007E1B1F /* DudeWheresMyStrings-Bridging-Header.h */,
			);
			path = DudeWheresMyStrings;
			sourceTree = "<group>";
		};
/* End PBXGroup section */

/* Begin PBXNativeTarget section */
		55355B1020AB391100C81D4A /* DudeWheresMyStrings */ = {
			isa = PBXNativeTarget;
			buildConfigurationList = 55355B2720AB391200C81D4A /* Build configuration list for PBXNativeTarget "DudeWheresMyStrings" */;
			buildPhases = (
				55355B0D20AB391100C81D4A /* Sources */,
				55355B0E20AB391100C81D4A /* Frameworks */,
				55355B0F20AB391100C81D4A /* Resources */,
			);
			buildRules = (
			);
			dependencies = (
			);
			name = DudeWheresMyStrings;
			productName = DudeWheresMyStrings;
			productReference = 55355B1120AB391100C81D4A /* DudeWheresMyStrings.app */;
			productType = "com.apple.product-type.application";
		};
/* End PBXNativeTarget section */

/* Begin PBXProject section */
		55355B0920AB391100C81D4A /* Project object */ = {
			isa = PBXProject;
			attributes = {
				LastUpgradeCheck = 0930;
				ORGANIZATIONNAME = psobko;
				TargetAttributes = {
					55355B1020AB391100C81D4A = {
						CreatedOnToolsVersion = 9.3;
						LastSwiftMigration = 0930;
					};
				};
			};
			buildConfigurationList = 55355B0C20AB391100C81D4A /* Build configuration list for PBXProject "DudeWheresMyStrings" */;
			compatibilityVersion = "Xcode 9.3";
			developmentRegion = en;
			hasScannedForEncodings = 0;
			knownRegions = (
				en,
				Base,
			);
			mainGroup = 55355B0820AB391100C81D4A;
			productRefGroup = 55355B1220AB391100C81D4A /* Products */;
			projectDirPath = "";
			projectRoot = "";
			targets = (
				55355B1020AB391100C81D4A /* DudeWheresMyStrings */,
			);
		};
/* End PBXProject section */

/* Begin PBXResourcesBuildPhase section */
		55355B0F20AB391100C81D4A /* Resources */ = {
			isa = PBXResourcesBuildPhase;
			buildActionMask = 2147483647;
			files = (
				55355B2120AB391200C81D4A /* LaunchScreen.storyboard in Resources */,
				55355B1E20AB391200C81D4A /* Assets.xcassets in Resources */,
				55355B1C20AB391100C81D4A /* Main.storyboard in Resources */,
			);
			runOnlyForDeploymentPostprocessing = 0;
		};
/* End PBXResourcesBuildPhase section */

/* Begin PBXSourcesBuildPhase section */
		55355B0D20AB391100C81D4A /* Sources */ = {
			isa = PBXSourcesBuildPhase;
			buildActionMask = 2147483647;
			files = (
				55355B1920AB391100C81D4A /* ViewController.mm in Sources */,
				55C9208320AF9E38007E1B1F /* NinjaClient.cpp in Sources */,
				55355B2420AB391200C81D4A /* main.m in Sources */,
				55355B3320ABB42400C81D4A /* CPPClient.cpp in Sources */,
				55355B1620AB391100C81D4A /* AppDelegate.m in Sources */,
				55C9208120AF9BCC007E1B1F /* SwiftClient.swift in Sources */,
				55C9207E20AF9BBC007E1B1F /* ObjCClient.m in Sources */,
			);
			runOnlyForDeploymentPostprocessing = 0;
		};
/* End PBXSourcesBuildPhase section */

/* Begin PBXVariantGroup section */
		55355B1A20AB391100C81D4A /* Main.storyboard */ = {
			isa = PBXVariantGroup;
			children = (
				55355B1B20AB391100C81D4A /* Base */,
			);
			name = Main.storyboard;
			sourceTree = "<group>";
		};
		55355B1F20AB391200C81D4A /* LaunchScreen.storyboard */ = {
			isa = PBXVariantGroup;
			children = (
				55355B2020AB391200C81D4A /* Base */,
			);
			name = LaunchScreen.storyboard;
			sourceTree = "<group>";
		};
/* End PBXVariantGroup section */

/* Begin XCBuildConfiguration section */
		55355B2520AB391200C81D4A /* Debug */ = {
			isa = XCBuildConfiguration;
			buildSettings = {
				ALWAYS_SEARCH_USER_PATHS = NO;
				CLANG_ANALYZER_NONNULL = YES;
				CLANG_ANALYZER_NUMBER_OBJECT_CONVERSION = YES_AGGRESSIVE;
				CLANG_ANALYZER_SECURITY_FLOATLOOPCOUNTER = YES;
				CLANG_ANALYZER_SECURITY_INSECUREAPI_RAND = YES;
				CLANG_ANALYZER_SECURITY_INSECUREAPI_STRCPY = YES;
				CLANG_CXX_LANGUAGE_STANDARD = "gnu++14";
				CLANG_CXX_LIBRARY = "libc++";
				CLANG_ENABLE_MODULES = YES;
				CLANG_ENABLE_OBJC_ARC = YES;
				CLANG_ENABLE_OBJC_WEAK = YES;
				CLANG_WARN_BLOCK_CAPTURE_AUTORELEASING = YES;
				CLANG_WARN_BOOL_CONVERSION = YES;
				CLANG_WARN_COMMA = YES;
				CLANG_WARN_CONSTANT_CONVERSION = YES;
				CLANG_WARN_DEPRECATED_OBJC_IMPLEMENTATIONS = YES;
				CLANG_WARN_DIRECT_OBJC_ISA_USAGE = YES_ERROR;
				CLANG_WARN_DOCUMENTATION_COMMENTS = YES;
				CLANG_WARN_EMPTY_BODY = YES;
				CLANG_WARN_ENUM_CONVERSION = YES;
				CLANG_WARN_INFINITE_RECURSION = YES;
				CLANG_WARN_INT_CONVERSION = YES;
				CLANG_WARN_NON_LITERAL_NULL_CONVERSION = YES;
				CLANG_WARN_OBJC_IMPLICIT_RETAIN_SELF = YES;
				CLANG_WARN_OBJC_LITERAL_CONVERSION = YES;
				CLANG_WARN_OBJC_ROOT_CLASS = YES_ERROR;
				CLANG_WARN_RANGE_LOOP_ANALYSIS = YES;
				CLANG_WARN_STRICT_PROTOTYPES = YES;
				CLANG_WARN_SUSPICIOUS_MOVE = YES;
				CLANG_WARN_UNGUARDED_AVAILABILITY = YES_AGGRESSIVE;
				CLANG_WARN_UNREACHABLE_CODE = YES;
				CLANG_WARN__DUPLICATE_METHOD_MATCH = YES;
				CODE_SIGN_IDENTITY = "iPhone Developer";
				COPY_PHASE_STRIP = NO;
				DEBUG_INFORMATION_FORMAT = dwarf;
				ENABLE_STRICT_OBJC_MSGSEND = YES;
				ENABLE_TESTABILITY = YES;
				GCC_C_LANGUAGE_STANDARD = gnu11;
				GCC_DYNAMIC_NO_PIC = NO;
				GCC_NO_COMMON_BLOCKS = YES;
				GCC_OPTIMIZATION_LEVEL = 0;
				GCC_PREPROCESSOR_DEFINITIONS = (
					"DEBUG=1",
					"$(inherited)",
				);
				GCC_WARN_64_TO_32_BIT_CONVERSION = YES;
				GCC_WARN_ABOUT_RETURN_TYPE = YES_ERROR;
				GCC_WARN_UNDECLARED_SELECTOR = YES;
				GCC_WARN_UNINITIALIZED_AUTOS = YES_AGGRESSIVE;
				GCC_WARN_UNUSED_FUNCTION = YES;
				GCC_WARN_UNUSED_VARIABLE = YES;
				IPHONEOS_DEPLOYMENT_TARGET = 8.0;
				MTL_ENABLE_DEBUG_INFO = YES;
				ONLY_ACTIVE_ARCH = YES;
				SDKROOT = iphoneos;
				SWIFT_OBJC_BRIDGING_HEADER = "";
			};
			name = Debug;
		};
		55355B2620AB391200C81D4A /* Release */ = {
			isa = XCBuildConfiguration;
			buildSettings = {
				ALWAYS_SEARCH_USER_PATHS = NO;
				CLANG_ANALYZER_NONNULL = YES;
				CLANG_ANALYZER_NUMBER_OBJECT_CONVERSION = YES_AGGRESSIVE;
				CLANG_ANALYZER_SECURITY_FLOATLOOPCOUNTER = YES;
				CLANG_ANALYZER_SECURITY_INSECUREAPI_RAND = YES;
				CLANG_ANALYZER_SECURITY_INSECUREAPI_STRCPY = YES;
				CLANG_CXX_LANGUAGE_STANDARD = "gnu++14";
				CLANG_CXX_LIBRARY = "libc++";
				CLANG_ENABLE_MODULES = YES;
				CLANG_ENABLE_OBJC_ARC = YES;
				CLANG_ENABLE_OBJC_WEAK = YES;
				CLANG_WARN_BLOCK_CAPTURE_AUTORELEASING = YES;
				CLANG_WARN_BOOL_CONVERSION = YES;
				CLANG_WARN_COMMA = YES;
				CLANG_WARN_CONSTANT_CONVERSION = YES;
				CLANG_WARN_DEPRECATED_OBJC_IMPLEMENTATIONS = YES;
				CLANG_WARN_DIRECT_OBJC_ISA_USAGE = YES_ERROR;
				CLANG_WARN_DOCUMENTATION_COMMENTS = YES;
				CLANG_WARN_EMPTY_BODY = YES;
				CLANG_WARN_ENUM_CONVERSION = YES;
				CLANG_WARN_INFINITE_RECURSION = YES;
				CLANG_WARN_INT_CONVERSION = YES;
				CLANG_WARN_NON_LITERAL_NULL_CONVERSION = YES;
				CLANG_WARN_OBJC_IMPLICIT_RETAIN_SELF = YES;
				CLANG_WARN_OBJC_LITERAL_CONVERSION = YES;
				CLANG_WARN_OBJC_ROOT_CLASS = YES_ERROR;
				CLANG_WARN_RANGE_LOOP_ANALYSIS = YES;
				CLANG_WARN_STRICT_PROTOTYPES = YES;
				CLANG_WARN_SUSPICIOUS_MOVE = YES;
				CLANG_WARN_UNGUARDED_AVAILABILITY = YES_AGGRESSIVE;
				CLANG_WARN_UNREACHABLE_CODE = YES;
				CLANG_WARN__DUPLICATE_METHOD_MATCH = YES;
				CODE_SIGN_IDENTITY = "iPhone Developer";
				COPY_PHASE_STRIP = NO;
				DEBUG_INFORMATION_FORMAT = "dwarf-with-dsym";
				ENABLE_NS_ASSERTIONS = NO;
				ENABLE_STRICT_OBJC_MSGSEND = YES;
				GCC_C_LANGUAGE_STANDARD = gnu11;
				GCC_NO_COMMON_BLOCKS = YES;
				GCC_WARN_64_TO_32_BIT_CONVERSION = YES;
				GCC_WARN_ABOUT_RETURN_TYPE = YES_ERROR;
				GCC_WARN_UNDECLARED_SELECTOR = YES;
				GCC_WARN_UNINITIALIZED_AUTOS = YES_AGGRESSIVE;
				GCC_WARN_UNUSED_FUNCTION = YES;
				GCC_WARN_UNUSED_VARIABLE = YES;
				IPHONEOS_DEPLOYMENT_TARGET = 8.0;
				MTL_ENABLE_DEBUG_INFO = NO;
				SDKROOT = iphoneos;
				SWIFT_OBJC_BRIDGING_HEADER = "";
				VALIDATE_PRODUCT = YES;
			};
			name = Release;
		};
		55355B2820AB391200C81D4A /* Debug */ = {
			isa = XCBuildConfiguration;
			buildSettings = {
				ASSETCATALOG_COMPILER_APPICON_NAME = AppIcon;
				CLANG_ADDRESS_SANITIZER_CONTAINER_OVERFLOW = YES;
				CLANG_ANALYZER_SECURITY_FLOATLOOPCOUNTER = YES;
				CLANG_ENABLE_MODULES = YES;
				CLANG_STATIC_ANALYZER_MODE = deep;
				CLANG_UNDEFINED_BEHAVIOR_SANITIZER_INTEGER = YES;
				CLANG_UNDEFINED_BEHAVIOR_SANITIZER_NULLABILITY = YES;
				CLANG_WARN_OBJC_REPEATED_USE_OF_WEAK = YES;
				CLANG_WARN_SUSPICIOUS_IMPLICIT_CONVERSION = YES;
				CLANG_WARN__EXIT_TIME_DESTRUCTORS = YES;
				CODE_SIGN_STYLE = Automatic;
				DEVELOPMENT_TEAM = KY9GEE2B9X;
				ENABLE_NS_ASSERTIONS = NO;
				ENABLE_ON_DEMAND_RESOURCES = NO;
				GCC_GENERATE_DEBUGGING_SYMBOLS = NO;
				GCC_PREPROCESSOR_DEFINITIONS = "";
				GCC_TREAT_IMPLICIT_FUNCTION_DECLARATIONS_AS_ERRORS = YES;
				GCC_TREAT_INCOMPATIBLE_POINTER_TYPE_WARNINGS_AS_ERRORS = YES;
				GCC_TREAT_WARNINGS_AS_ERRORS = YES;
				GCC_WARN_ABOUT_MISSING_NEWLINE = YES;
				GCC_WARN_HIDDEN_VIRTUAL_FUNCTIONS = YES;
				GCC_WARN_NON_VIRTUAL_DESTRUCTOR = YES;
				GCC_WARN_SIGN_COMPARE = YES;
				GCC_WARN_STRICT_SELECTOR_MATCH = YES;
				GCC_WARN_UNUSED_LABEL = NO;
				GCC_WARN_UNUSED_PARAMETER = NO;
				INFOPLIST_FILE = DudeWheresMyStrings/Info.plist;
				IPHONEOS_DEPLOYMENT_TARGET = 9.3;
				LD_RUNPATH_SEARCH_PATHS = (
					"$(inherited)",
					"@executable_path/Frameworks",
				);
				PRODUCT_BUNDLE_IDENTIFIER = io.psobko.DudeWheresMyStrings;
				PRODUCT_NAME = "$(TARGET_NAME)";
				RUN_CLANG_STATIC_ANALYZER = YES;
				SWIFT_OBJC_BRIDGING_HEADER = "DudeWheresMyStrings/DudeWheresMyStrings-Bridging-Header.h";
				SWIFT_OPTIMIZATION_LEVEL = "-Onone";
				SWIFT_TREAT_WARNINGS_AS_ERRORS = YES;
				SWIFT_VERSION = 4.0;
				TARGETED_DEVICE_FAMILY = "1,2";
				VALIDATE_PRODUCT = YES;
				VERSIONING_SYSTEM = "apple-generic";
			};
			name = Debug;
		};
		55355B2920AB391200C81D4A /* Release */ = {
			isa = XCBuildConfiguration;
			buildSettings = {
				ASSETCATALOG_COMPILER_APPICON_NAME = AppIcon;
				CLANG_ADDRESS_SANITIZER_CONTAINER_OVERFLOW = YES;
				CLANG_ANALYZER_SECURITY_FLOATLOOPCOUNTER = YES;
				CLANG_ENABLE_MODULES = YES;
				CLANG_STATIC_ANALYZER_MODE = deep;
				CLANG_UNDEFINED_BEHAVIOR_SANITIZER_INTEGER = YES;
				CLANG_UNDEFINED_BEHAVIOR_SANITIZER_NULLABILITY = YES;
				CLANG_WARN_OBJC_REPEATED_USE_OF_WEAK = YES;
				CLANG_WARN_SUSPICIOUS_IMPLICIT_CONVERSION = YES;
				CLANG_WARN__EXIT_TIME_DESTRUCTORS = YES;
				CODE_SIGN_STYLE = Automatic;
				DEVELOPMENT_TEAM = KY9GEE2B9X;
				ENABLE_ON_DEMAND_RESOURCES = NO;
				GCC_GENERATE_DEBUGGING_SYMBOLS = NO;
				GCC_TREAT_IMPLICIT_FUNCTION_DECLARATIONS_AS_ERRORS = YES;
				GCC_TREAT_INCOMPATIBLE_POINTER_TYPE_WARNINGS_AS_ERRORS = YES;
				GCC_TREAT_WARNINGS_AS_ERRORS = YES;
				GCC_WARN_ABOUT_MISSING_NEWLINE = YES;
				GCC_WARN_HIDDEN_VIRTUAL_FUNCTIONS = YES;
				GCC_WARN_NON_VIRTUAL_DESTRUCTOR = YES;
				GCC_WARN_SIGN_COMPARE = YES;
				GCC_WARN_STRICT_SELECTOR_MATCH = YES;
				GCC_WARN_UNUSED_LABEL = NO;
				GCC_WARN_UNUSED_PARAMETER = NO;
				INFOPLIST_FILE = DudeWheresMyStrings/Info.plist;
				IPHONEOS_DEPLOYMENT_TARGET = 9.3;
				LD_RUNPATH_SEARCH_PATHS = (
					"$(inherited)",
					"@executable_path/Frameworks",
				);
				PRODUCT_BUNDLE_IDENTIFIER = io.psobko.DudeWheresMyStrings;
				PRODUCT_NAME = "$(TARGET_NAME)";
				RUN_CLANG_STATIC_ANALYZER = YES;
				SWIFT_OBJC_BRIDGING_HEADER = "DudeWheresMyStrings/DudeWheresMyStrings-Bridging-Header.h";
				SWIFT_TREAT_WARNINGS_AS_ERRORS = YES;
				SWIFT_VERSION = 4.0;
				TARGETED_DEVICE_FAMILY = "1,2";
				VERSIONING_SYSTEM = "apple-generic";
			};
			name = Release;
		};
/* End XCBuildConfiguration section */

/* Begin XCConfigurationList section */
		55355B0C20AB391100C81D4A /* Build configuration list for PBXProject "DudeWheresMyStrings" */ = {
			isa = XCConfigurationList;
			buildConfigurations = (
				55355B2520AB391200C81D4A /* Debug */,
				55355B2620AB391200C81D4A /* Release */,
			);
			defaultConfigurationIsVisible = 0;
			defaultConfigurationName = Release;
		};
		55355B2720AB391200C81D4A /* Build configuration list for PBXNativeTarget "DudeWheresMyStrings" */ = {
			isa = XCConfigurationList;
			buildConfigurations = (
				55355B2820AB391200C81D4A /* Debug */,
				55355B2920AB391200C81D4A /* Release */,
			);
			defaultConfigurationIsVisible = 0;
			defaultConfigurationName = Release;
		};
/* End XCConfigurationList section */
	};
	rootObject = 55355B0920AB391100C81D4A /* Project object */;
}
